
Microsoft Visual Studio Solution File, Format Version 12.00
# Visual Studio Version 17
VisualStudioVersion = 17.7.34018.315
MinimumVisualStudioVersion = 10.0.40219.1
Project("{8BC9CEB8-8B4A-11D0-8D11-00A0C91BC942}") = "Project1", "Project1\Project1.vcxproj", "{41B2AB88-3D00-4814-A235-336AD9341488}"
EndProject
Global
	GlobalSection(SolutionConfigurationPlatforms) = preSolution
		Debug|x64 = Debug|x64
		Debug|x86 = Debug|x86
		Release|x64 = Release|x64
		Release|x86 = Release|x86
	EndGlobalSection
	GlobalSection(ProjectConfigurationPlatforms) = postSolution
		{41B2AB88-3D00-4814-A235-336AD9341488}.Debug|x64.ActiveCfg = Debug|x64
		{41B2AB88-3D00-4814-A235-336AD9341488}.Debug|x64.Build.0 = Debug|x64
		{41B2AB88-3D00-4814-A235-336AD9341488}.Debug|x86.ActiveCfg = Debug|Win32
		{41B2AB88-3D00-4814-A235-336AD9341488}.Debug|x86.Build.0 = Debug|Win32
		{41B2AB88-3D00-4814-A235-336AD9341488}.Release|x64.ActiveCfg = Release|x64
		{41B2AB88-3D00-4814-A235-336AD9341488}.Release|x64.Build.0 = Release|x64
		{41B2AB88-3D00-4814-A235-336AD9341488}.Release|x86.ActiveCfg = Release|Win32
		{41B2AB88-3D00-4814-A235-336AD9341488}.Release|x86.Build.0 = Release|Win32
	EndGlobalSection
	GlobalSection(SolutionProperties) = preSolution
		HideSolutionNode = FALSE
	EndGlobalSection
	GlobalSection(ExtensibilityGlobals) = postSolution
		SolutionGuid = {A03BC0F0-559B-42FF-AE84-23B3EA0DEC26}
	EndGlobalSection
EndGlobal
